
Microsoft Visual Studio Solution File, Format Version 12.00
# Visual Studio Version 16
VisualStudioVersion = 16.0.29411.108
MinimumVisualStudioVersion = 10.0.40219.1
Project("{FAE04EC0-301F-11D3-BF4B-00C04F79EFBC}") = "ConsoleApp1", "ConsoleApp1\ConsoleApp1.csproj", "{DD8BE5DB-FC9E-46AC-BDCE-85D3078D6C31}"
EndProject
Global
	GlobalSection(SolutionConfigurationPlatforms) = preSolution
		Debug|Any CPU = Debug|Any CPU
		Release|Any CPU = Release|Any CPU
	EndGlobalSection
	GlobalSection(ProjectConfigurationPlatforms) = postSolution
		{DD8BE5DB-FC9E-46AC-BDCE-85D3078D6C31}.Debug|Any CPU.ActiveCfg = Debug|Any CPU
		{DD8BE5DB-FC9E-46AC-BDCE-85D3078D6C31}.Debug|Any CPU.Build.0 = Debug|Any CPU
		{DD8BE5DB-FC9E-46AC-BDCE-85D3078D6C31}.Release|Any CPU.ActiveCfg = Release|Any CPU
		{DD8BE5DB-FC9E-46AC-BDCE-85D3078D6C31}.Release|Any CPU.Build.0 = Release|Any CPU
	EndGlobalSection
	GlobalSection(SolutionProperties) = preSolution
		HideSolutionNode = FALSE
	EndGlobalSection
	GlobalSection(ExtensibilityGlobals) = postSolution
		SolutionGuid = {A4D63294-42C5-48E6-902B-88F24000843E}
	EndGlobalSection
EndGlobal
